
Microsoft Visual Studio Solution File, Format Version 12.00
# Visual Studio 15
VisualStudioVersion = 15.0.28010.2016
MinimumVisualStudioVersion = 10.0.40219.1
Project("{FAE04EC0-301F-11D3-BF4B-00C04F79EFBC}") = "TodoAppLive", "TodoAppLive\TodoAppLive.csproj", "{950BA1F0-2BC8-4AD9-8B93-F8477B5CD7DE}"
EndProject
Project("{FAE04EC0-301F-11D3-BF4B-00C04F79EFBC}") = "TodoAppLive.Tests", "TodoAppLive.Tests\TodoAppLive.Tests.csproj", "{F8E44EF3-5D18-4238-BBF5-441614B0192C}"
EndProject
Global
	GlobalSection(SolutionConfigurationPlatforms) = preSolution
		Debug|Any CPU = Debug|Any CPU
		Release|Any CPU = Release|Any CPU
	EndGlobalSection
	GlobalSection(ProjectConfigurationPlatforms) = postSolution
		{950BA1F0-2BC8-4AD9-8B93-F8477B5CD7DE}.Debug|Any CPU.ActiveCfg = Debug|Any CPU
		{950BA1F0-2BC8-4AD9-8B93-F8477B5CD7DE}.Debug|Any CPU.Build.0 = Debug|Any CPU
		{950BA1F0-2BC8-4AD9-8B93-F8477B5CD7DE}.Release|Any CPU.ActiveCfg = Release|Any CPU
		{950BA1F0-2BC8-4AD9-8B93-F8477B5CD7DE}.Release|Any CPU.Build.0 = Release|Any CPU
		{F8E44EF3-5D18-4238-BBF5-441614B0192C}.Debug|Any CPU.ActiveCfg = Debug|Any CPU
		{F8E44EF3-5D18-4238-BBF5-441614B0192C}.Debug|Any CPU.Build.0 = Debug|Any CPU
		{F8E44EF3-5D18-4238-BBF5-441614B0192C}.Release|Any CPU.ActiveCfg = Release|Any CPU
		{F8E44EF3-5D18-4238-BBF5-441614B0192C}.Release|Any CPU.Build.0 = Release|Any CPU
	EndGlobalSection
	GlobalSection(SolutionProperties) = preSolution
		HideSolutionNode = FALSE
	EndGlobalSection
	GlobalSection(ExtensibilityGlobals) = postSolution
		SolutionGuid = {4E599998-D5FE-483D-B7A1-388667480560}
	EndGlobalSection
EndGlobal
